{
  "name": "directus-starter",
  "version": "0.0.1",
  "lockfileVersion": 3,
  "requires": true,
  "packages": {
    "": {
      "name": "directus-starter",
      "version": "0.0.1",
      "license": "MIT",
      "dependencies": {
        "directus-extension-sync": "^2.0.0"
      }
    },
    "node_modules/directus-extension-sync": {
      "version": "2.0.0",
      "resolved": "https://registry.npmjs.org/directus-extension-sync/-/directus-extension-sync-2.0.0.tgz",
      "integrity": "sha512-tPKuifYPaPH7dTb/0lwKrhk39P0gqx5MqO/xQxZj6y4GlWVwHZgAsUSCdGFYjK2Gd2GJaZa454rIwaTQ4i83fw=="
    }
  }
}
